// !$*UTF8*$!
{
	archiveVersion = 1;
	classes = {
	};
	objectVersion = 55;
	objects = {

/* Begin PBXBuildFile section */
		2B4A79852847AD7A00FBBAEF /* kiWordleApp.swift in Sources */ = {isa = PBXBuildFile; fileRef = 2B4A79842847AD7A00FBBAEF /* kiWordleApp.swift */; };
		2B4A79872847AD7A00FBBAEF /* ContentView.swift in Sources */ = {isa = PBXBuildFile; fileRef = 2B4A79862847AD7A00FBBAEF /* ContentView.swift */; };
		2B4A79892847AD7B00FBBAEF /* Assets.xcassets in Resources */ = {isa = PBXBuildFile; fileRef = 2B4A79882847AD7B00FBBAEF /* Assets.xcassets */; };
		2B4A798C2847AD7B00FBBAEF /* Preview Assets.xcassets in Resources */ = {isa = PBXBuildFile; fileRef = 2B4A798B2847AD7B00FBBAEF /* Preview Assets.xcassets */; };
		2B4A798E2847AD7B00FBBAEF /* Persistence.swift in Sources */ = {isa = PBXBuildFile; fileRef = 2B4A798D2847AD7B00FBBAEF /* Persistence.swift */; };
		2B4A79912847AD7B00FBBAEF /* kiWordle.xcdatamodeld in Sources */ = {isa = PBXBuildFile; fileRef = 2B4A798F2847AD7B00FBBAEF /* kiWordle.xcdatamodeld */; };
		2B4A799B2847AD7B00FBBAEF /* kiWordleTests.swift in Sources */ = {isa = PBXBuildFile; fileRef = 2B4A799A2847AD7B00FBBAEF /* kiWordleTests.swift */; };
		2B4A79A52847AD7B00FBBAEF /* kiWordleUITests.swift in Sources */ = {isa = PBXBuildFile; fileRef = 2B4A79A42847AD7B00FBBAEF /* kiWordleUITests.swift */; };
		2B4A79A72847AD7B00FBBAEF /* kiWordleUITestsLaunchTests.swift in Sources */ = {isa = PBXBuildFile; fileRef = 2B4A79A62847AD7B00FBBAEF /* kiWordleUITestsLaunchTests.swift */; };
		2B4A79B72847DDB600FBBAEF /* Launch Screen.storyboard in Resources */ = {isa = PBXBuildFile; fileRef = 2B4A79B62847DDB600FBBAEF /* Launch Screen.storyboard */; };
		2B4A79BB2847E45E00FBBAEF /* OpeningView.swift in Sources */ = {isa = PBXBuildFile; fileRef = 2B4A79BA2847E45E00FBBAEF /* OpeningView.swift */; };
		2B4A79BD2847E5D000FBBAEF /* kWordlePlayModel.swift in Sources */ = {isa = PBXBuildFile; fileRef = 2B4A79BC2847E5D000FBBAEF /* kWordlePlayModel.swift */; };
		2B4A79BF2847E8BA00FBBAEF /* NewGameMenu.swift in Sources */ = {isa = PBXBuildFile; fileRef = 2B4A79BE2847E8BA00FBBAEF /* NewGameMenu.swift */; };
		2B4A79C12847EB2B00FBBAEF /* NewGameSelectView.swift in Sources */ = {isa = PBXBuildFile; fileRef = 2B4A79C02847EB2B00FBBAEF /* NewGameSelectView.swift */; };
		2B4A79C32847EB9D00FBBAEF /* StatsView.swift in Sources */ = {isa = PBXBuildFile; fileRef = 2B4A79C22847EB9D00FBBAEF /* StatsView.swift */; };
		2B4A79C52847EBAA00FBBAEF /* SettingsView.swift in Sources */ = {isa = PBXBuildFile; fileRef = 2B4A79C42847EBAA00FBBAEF /* SettingsView.swift */; };
		2B4A79C82848076700FBBAEF /* KwordleBoardView.swift in Sources */ = {isa = PBXBuildFile; fileRef = 2B4A79C72848076700FBBAEF /* KwordleBoardView.swift */; };
		2B4A79CA2848079C00FBBAEF /* GuessView.swift in Sources */ = {isa = PBXBuildFile; fileRef = 2B4A79C92848079C00FBBAEF /* GuessView.swift */; };
		2B4A79CC284807AD00FBBAEF /* KeyboardButton.swift in Sources */ = {isa = PBXBuildFile; fileRef = 2B4A79CB284807AD00FBBAEF /* KeyboardButton.swift */; };
		2B4A79CE284807E200FBBAEF /* Global.swift in Sources */ = {isa = PBXBuildFile; fileRef = 2B4A79CD284807E200FBBAEF /* Global.swift */; };
		2B4A79D0284807F100FBBAEF /* Keyboard.swift in Sources */ = {isa = PBXBuildFile; fileRef = 2B4A79CF284807F100FBBAEF /* Keyboard.swift */; };
		2B4A79D22848081300FBBAEF /* LetterClass.swift in Sources */ = {isa = PBXBuildFile; fileRef = 2B4A79D12848081300FBBAEF /* LetterClass.swift */; };
		2B4A79D42848089100FBBAEF /* LetterState.swift in Sources */ = {isa = PBXBuildFile; fileRef = 2B4A79D32848089100FBBAEF /* LetterState.swift */; };
		2B4A79D6284808DD00FBBAEF /* Guess.swift in Sources */ = {isa = PBXBuildFile; fileRef = 2B4A79D5284808DD00FBBAEF /* Guess.swift */; };
		2B4A79D9284A8EF200FBBAEF /* Collections in Frameworks */ = {isa = PBXBuildFile; productRef = 2B4A79D8284A8EF200FBBAEF /* Collections */; };
		2B4A79DB284A8EF200FBBAEF /* DequeModule in Frameworks */ = {isa = PBXBuildFile; productRef = 2B4A79DA284A8EF200FBBAEF /* DequeModule */; };
		2B4A79DD284A8EF200FBBAEF /* OrderedCollections in Frameworks */ = {isa = PBXBuildFile; productRef = 2B4A79DC284A8EF200FBBAEF /* OrderedCollections */; };
		2B4A79E1284A98D700FBBAEF /* PopUpView.swift in Sources */ = {isa = PBXBuildFile; fileRef = 2B4A79E0284A98D700FBBAEF /* PopUpView.swift */; };
/* End PBXBuildFile section */

/* Begin PBXContainerItemProxy section */
		2B4A79972847AD7B00FBBAEF /* PBXContainerItemProxy */ = {
			isa = PBXContainerItemProxy;
			containerPortal = 2B4A79792847AD7A00FBBAEF /* Project object */;
			proxyType = 1;
			remoteGlobalIDString = 2B4A79802847AD7A00FBBAEF;
			remoteInfo = kiWordle;
		};
		2B4A79A12847AD7B00FBBAEF /* PBXContainerItemProxy */ = {
			isa = PBXContainerItemProxy;
			containerPortal = 2B4A79792847AD7A00FBBAEF /* Project object */;
			proxyType = 1;
			remoteGlobalIDString = 2B4A79802847AD7A00FBBAEF;
			remoteInfo = kiWordle;
		};
/* End PBXContainerItemProxy section */

/* Begin PBXFileReference section */
		2B4A79812847AD7A00FBBAEF /* kiWordle.app */ = {isa = PBXFileReference; explicitFileType = wrapper.application; includeInIndex = 0; path = kiWordle.app; sourceTree = BUILT_PRODUCTS_DIR; };
		2B4A79842847AD7A00FBBAEF /* kiWordleApp.swift */ = {isa = PBXFileReference; lastKnownFileType = sourcecode.swift; path = kiWordleApp.swift; sourceTree = "<group>"; };
		2B4A79862847AD7A00FBBAEF /* ContentView.swift */ = {isa = PBXFileReference; lastKnownFileType = sourcecode.swift; path = ContentView.swift; sourceTree = "<group>"; };
		2B4A79882847AD7B00FBBAEF /* Assets.xcassets */ = {isa = PBXFileReference; lastKnownFileType = folder.assetcatalog; path = Assets.xcassets; sourceTree = "<group>"; };
		2B4A798B2847AD7B00FBBAEF /* Preview Assets.xcassets */ = {isa = PBXFileReference; lastKnownFileType = folder.assetcatalog; path = "Preview Assets.xcassets"; sourceTree = "<group>"; };
		2B4A798D2847AD7B00FBBAEF /* Persistence.swift */ = {isa = PBXFileReference; lastKnownFileType = sourcecode.swift; path = Persistence.swift; sourceTree = "<group>"; };
		2B4A79902847AD7B00FBBAEF /* kiWordle.xcdatamodel */ = {isa = PBXFileReference; lastKnownFileType = wrapper.xcdatamodel; path = kiWordle.xcdatamodel; sourceTree = "<group>"; };
		2B4A79962847AD7B00FBBAEF /* kiWordleTests.xctest */ = {isa = PBXFileReference; explicitFileType = wrapper.cfbundle; includeInIndex = 0; path = kiWordleTests.xctest; sourceTree = BUILT_PRODUCTS_DIR; };
		2B4A799A2847AD7B00FBBAEF /* kiWordleTests.swift */ = {isa = PBXFileReference; lastKnownFileType = sourcecode.swift; path = kiWordleTests.swift; sourceTree = "<group>"; };
		2B4A79A02847AD7B00FBBAEF /* kiWordleUITests.xctest */ = {isa = PBXFileReference; explicitFileType = wrapper.cfbundle; includeInIndex = 0; path = kiWordleUITests.xctest; sourceTree = BUILT_PRODUCTS_DIR; };
		2B4A79A42847AD7B00FBBAEF /* kiWordleUITests.swift */ = {isa = PBXFileReference; lastKnownFileType = sourcecode.swift; path = kiWordleUITests.swift; sourceTree = "<group>"; };
		2B4A79A62847AD7B00FBBAEF /* kiWordleUITestsLaunchTests.swift */ = {isa = PBXFileReference; lastKnownFileType = sourcecode.swift; path = kiWordleUITestsLaunchTests.swift; sourceTree = "<group>"; };
		2B4A79B62847DDB600FBBAEF /* Launch Screen.storyboard */ = {isa = PBXFileReference; lastKnownFileType = file.storyboard; path = "Launch Screen.storyboard"; sourceTree = "<group>"; };
		2B4A79BA2847E45E00FBBAEF /* OpeningView.swift */ = {isa = PBXFileReference; lastKnownFileType = sourcecode.swift; path = OpeningView.swift; sourceTree = "<group>"; };
		2B4A79BC2847E5D000FBBAEF /* kWordlePlayModel.swift */ = {isa = PBXFileReference; lastKnownFileType = sourcecode.swift; path = kWordlePlayModel.swift; sourceTree = "<group>"; };
		2B4A79BE2847E8BA00FBBAEF /* NewGameMenu.swift */ = {isa = PBXFileReference; lastKnownFileType = sourcecode.swift; path = NewGameMenu.swift; sourceTree = "<group>"; };
		2B4A79C02847EB2B00FBBAEF /* NewGameSelectView.swift */ = {isa = PBXFileReference; lastKnownFileType = sourcecode.swift; path = NewGameSelectView.swift; sourceTree = "<group>"; };
		2B4A79C22847EB9D00FBBAEF /* StatsView.swift */ = {isa = PBXFileReference; lastKnownFileType = sourcecode.swift; path = StatsView.swift; sourceTree = "<group>"; };
		2B4A79C42847EBAA00FBBAEF /* SettingsView.swift */ = {isa = PBXFileReference; lastKnownFileType = sourcecode.swift; path = SettingsView.swift; sourceTree = "<group>"; };
		2B4A79C62847F03000FBBAEF /* Info.plist */ = {isa = PBXFileReference; lastKnownFileType = text.plist; path = Info.plist; sourceTree = "<group>"; };
		2B4A79C72848076700FBBAEF /* KwordleBoardView.swift */ = {isa = PBXFileReference; fileEncoding = 4; lastKnownFileType = sourcecode.swift; path = KwordleBoardView.swift; sourceTree = "<group>"; };
		2B4A79C92848079C00FBBAEF /* GuessView.swift */ = {isa = PBXFileReference; fileEncoding = 4; lastKnownFileType = sourcecode.swift; path = GuessView.swift; sourceTree = "<group>"; };
		2B4A79CB284807AD00FBBAEF /* KeyboardButton.swift */ = {isa = PBXFileReference; fileEncoding = 4; lastKnownFileType = sourcecode.swift; path = KeyboardButton.swift; sourceTree = "<group>"; };
		2B4A79CD284807E200FBBAEF /* Global.swift */ = {isa = PBXFileReference; fileEncoding = 4; lastKnownFileType = sourcecode.swift; path = Global.swift; sourceTree = "<group>"; };
		2B4A79CF284807F100FBBAEF /* Keyboard.swift */ = {isa = PBXFileReference; fileEncoding = 4; lastKnownFileType = sourcecode.swift; path = Keyboard.swift; sourceTree = "<group>"; };
		2B4A79D12848081300FBBAEF /* LetterClass.swift */ = {isa = PBXFileReference; fileEncoding = 4; lastKnownFileType = sourcecode.swift; path = LetterClass.swift; sourceTree = "<group>"; };
		2B4A79D32848089100FBBAEF /* LetterState.swift */ = {isa = PBXFileReference; fileEncoding = 4; lastKnownFileType = sourcecode.swift; path = LetterState.swift; sourceTree = "<group>"; };
		2B4A79D5284808DD00FBBAEF /* Guess.swift */ = {isa = PBXFileReference; fileEncoding = 4; lastKnownFileType = sourcecode.swift; path = Guess.swift; sourceTree = "<group>"; };
		2B4A79E0284A98D700FBBAEF /* PopUpView.swift */ = {isa = PBXFileReference; lastKnownFileType = sourcecode.swift; path = PopUpView.swift; sourceTree = "<group>"; };
/* End PBXFileReference section */

/* Begin PBXFrameworksBuildPhase section */
		2B4A797E2847AD7A00FBBAEF /* Frameworks */ = {
			isa = PBXFrameworksBuildPhase;
			buildActionMask = 2147483647;
			files = (
				2B4A79D9284A8EF200FBBAEF /* Collections in Frameworks */,
				2B4A79DB284A8EF200FBBAEF /* DequeModule in Frameworks */,
				2B4A79DD284A8EF200FBBAEF /* OrderedCollections in Frameworks */,
			);
			runOnlyForDeploymentPostprocessing = 0;
		};
		2B4A79932847AD7B00FBBAEF /* Frameworks */ = {
			isa = PBXFrameworksBuildPhase;
			buildActionMask = 2147483647;
			files = (
			);
			runOnlyForDeploymentPostprocessing = 0;
		};
		2B4A799D2847AD7B00FBBAEF /* Frameworks */ = {
			isa = PBXFrameworksBuildPhase;
			buildActionMask = 2147483647;
			files = (
			);
			runOnlyForDeploymentPostprocessing = 0;
		};
/* End PBXFrameworksBuildPhase section */

/* Begin PBXGroup section */
		2B4A79782847AD7A00FBBAEF = {
			isa = PBXGroup;
			children = (
				2B4A79832847AD7A00FBBAEF /* kiWordle */,
				2B4A79992847AD7B00FBBAEF /* kiWordleTests */,
				2B4A79A32847AD7B00FBBAEF /* kiWordleUITests */,
				2B4A79822847AD7A00FBBAEF /* Products */,
			);
			sourceTree = "<group>";
		};
		2B4A79822847AD7A00FBBAEF /* Products */ = {
			isa = PBXGroup;
			children = (
				2B4A79812847AD7A00FBBAEF /* kiWordle.app */,
				2B4A79962847AD7B00FBBAEF /* kiWordleTests.xctest */,
				2B4A79A02847AD7B00FBBAEF /* kiWordleUITests.xctest */,
			);
			name = Products;
			sourceTree = "<group>";
		};
		2B4A79832847AD7A00FBBAEF /* kiWordle */ = {
			isa = PBXGroup;
			children = (
				2B4A79C62847F03000FBBAEF /* Info.plist */,
				2B4A79B52847DD6900FBBAEF /* Controller */,
				2B4A79B42847DD6300FBBAEF /* View */,
				2B4A79B32847DD5400FBBAEF /* Model */,
				2B4A79882847AD7B00FBBAEF /* Assets.xcassets */,
				2B4A798D2847AD7B00FBBAEF /* Persistence.swift */,
				2B4A798F2847AD7B00FBBAEF /* kiWordle.xcdatamodeld */,
				2B4A798A2847AD7B00FBBAEF /* Preview Content */,
				2B4A79B62847DDB600FBBAEF /* Launch Screen.storyboard */,
			);
			path = kiWordle;
			sourceTree = "<group>";
		};
		2B4A798A2847AD7B00FBBAEF /* Preview Content */ = {
			isa = PBXGroup;
			children = (
				2B4A798B2847AD7B00FBBAEF /* Preview Assets.xcassets */,
			);
			path = "Preview Content";
			sourceTree = "<group>";
		};
		2B4A79992847AD7B00FBBAEF /* kiWordleTests */ = {
			isa = PBXGroup;
			children = (
				2B4A799A2847AD7B00FBBAEF /* kiWordleTests.swift */,
			);
			path = kiWordleTests;
			sourceTree = "<group>";
		};
		2B4A79A32847AD7B00FBBAEF /* kiWordleUITests */ = {
			isa = PBXGroup;
			children = (
				2B4A79A42847AD7B00FBBAEF /* kiWordleUITests.swift */,
				2B4A79A62847AD7B00FBBAEF /* kiWordleUITestsLaunchTests.swift */,
			);
			path = kiWordleUITests;
			sourceTree = "<group>";
		};
		2B4A79B32847DD5400FBBAEF /* Model */ = {
			isa = PBXGroup;
			children = (
				2B4A79D5284808DD00FBBAEF /* Guess.swift */,
				2B4A79BC2847E5D000FBBAEF /* kWordlePlayModel.swift */,
				2B4A79BE2847E8BA00FBBAEF /* NewGameMenu.swift */,
				2B4A79D12848081300FBBAEF /* LetterClass.swift */,
				2B4A79D32848089100FBBAEF /* LetterState.swift */,
			);
			path = Model;
			sourceTree = "<group>";
		};
		2B4A79B42847DD6300FBBAEF /* View */ = {
			isa = PBXGroup;
			children = (
				2B4A79862847AD7A00FBBAEF /* ContentView.swift */,
				2B4A79BA2847E45E00FBBAEF /* OpeningView.swift */,
				2B4A79C02847EB2B00FBBAEF /* NewGameSelectView.swift */,
				2B4A79C72848076700FBBAEF /* KwordleBoardView.swift */,
				2B4A79CF284807F100FBBAEF /* Keyboard.swift */,
				2B4A79CB284807AD00FBBAEF /* KeyboardButton.swift */,
				2B4A79C92848079C00FBBAEF /* GuessView.swift */,
				2B4A79C22847EB9D00FBBAEF /* StatsView.swift */,
				2B4A79C42847EBAA00FBBAEF /* SettingsView.swift */,
				2B4A79E0284A98D700FBBAEF /* PopUpView.swift */,
			);
			path = View;
			sourceTree = "<group>";
		};
		2B4A79B52847DD6900FBBAEF /* Controller */ = {
			isa = PBXGroup;
			children = (
				2B4A79842847AD7A00FBBAEF /* kiWordleApp.swift */,
				2B4A79CD284807E200FBBAEF /* Global.swift */,
			);
			path = Controller;
			sourceTree = "<group>";
		};
/* End PBXGroup section */

/* Begin PBXNativeTarget section */
		2B4A79802847AD7A00FBBAEF /* kiWordle */ = {
			isa = PBXNativeTarget;
			buildConfigurationList = 2B4A79AA2847AD7B00FBBAEF /* Build configuration list for PBXNativeTarget "kiWordle" */;
			buildPhases = (
				2B4A797D2847AD7A00FBBAEF /* Sources */,
				2B4A797E2847AD7A00FBBAEF /* Frameworks */,
				2B4A797F2847AD7A00FBBAEF /* Resources */,
			);
			buildRules = (
			);
			dependencies = (
			);
			name = kiWordle;
			packageProductDependencies = (
				2B4A79D8284A8EF200FBBAEF /* Collections */,
				2B4A79DA284A8EF200FBBAEF /* DequeModule */,
				2B4A79DC284A8EF200FBBAEF /* OrderedCollections */,
			);
			productName = kiWordle;
			productReference = 2B4A79812847AD7A00FBBAEF /* kiWordle.app */;
			productType = "com.apple.product-type.application";
		};
		2B4A79952847AD7B00FBBAEF /* kiWordleTests */ = {
			isa = PBXNativeTarget;
			buildConfigurationList = 2B4A79AD2847AD7B00FBBAEF /* Build configuration list for PBXNativeTarget "kiWordleTests" */;
			buildPhases = (
				2B4A79922847AD7B00FBBAEF /* Sources */,
				2B4A79932847AD7B00FBBAEF /* Frameworks */,
				2B4A79942847AD7B00FBBAEF /* Resources */,
			);
			buildRules = (
			);
			dependencies = (
				2B4A79982847AD7B00FBBAEF /* PBXTargetDependency */,
			);
			name = kiWordleTests;
			productName = kiWordleTests;
			productReference = 2B4A79962847AD7B00FBBAEF /* kiWordleTests.xctest */;
			productType = "com.apple.product-type.bundle.unit-test";
		};
		2B4A799F2847AD7B00FBBAEF /* kiWordleUITests */ = {
			isa = PBXNativeTarget;
			buildConfigurationList = 2B4A79B02847AD7B00FBBAEF /* Build configuration list for PBXNativeTarget "kiWordleUITests" */;
			buildPhases = (
				2B4A799C2847AD7B00FBBAEF /* Sources */,
				2B4A799D2847AD7B00FBBAEF /* Frameworks */,
				2B4A799E2847AD7B00FBBAEF /* Resources */,
			);
			buildRules = (
			);
			dependencies = (
				2B4A79A22847AD7B00FBBAEF /* PBXTargetDependency */,
			);
			name = kiWordleUITests;
			productName = kiWordleUITests;
			productReference = 2B4A79A02847AD7B00FBBAEF /* kiWordleUITests.xctest */;
			productType = "com.apple.product-type.bundle.ui-testing";
		};
/* End PBXNativeTarget section */

/* Begin PBXProject section */
		2B4A79792847AD7A00FBBAEF /* Project object */ = {
			isa = PBXProject;
			attributes = {
				BuildIndependentTargetsInParallel = 1;
				LastSwiftUpdateCheck = 1330;
				LastUpgradeCheck = 1330;
				TargetAttributes = {
					2B4A79802847AD7A00FBBAEF = {
						CreatedOnToolsVersion = 13.3.1;
					};
					2B4A79952847AD7B00FBBAEF = {
						CreatedOnToolsVersion = 13.3.1;
						TestTargetID = 2B4A79802847AD7A00FBBAEF;
					};
					2B4A799F2847AD7B00FBBAEF = {
						CreatedOnToolsVersion = 13.3.1;
						TestTargetID = 2B4A79802847AD7A00FBBAEF;
					};
				};
			};
			buildConfigurationList = 2B4A797C2847AD7A00FBBAEF /* Build configuration list for PBXProject "kiWordle" */;
			compatibilityVersion = "Xcode 13.0";
			developmentRegion = en;
			hasScannedForEncodings = 0;
			knownRegions = (
				en,
				Base,
			);
			mainGroup = 2B4A79782847AD7A00FBBAEF;
			packageReferences = (
				2B4A79D7284A8EF200FBBAEF /* XCRemoteSwiftPackageReference "swift-collections" */,
			);
			productRefGroup = 2B4A79822847AD7A00FBBAEF /* Products */;
			projectDirPath = "";
			projectRoot = "";
			targets = (
				2B4A79802847AD7A00FBBAEF /* kiWordle */,
				2B4A79952847AD7B00FBBAEF /* kiWordleTests */,
				2B4A799F2847AD7B00FBBAEF /* kiWordleUITests */,
			);
		};
/* End PBXProject section */

/* Begin PBXResourcesBuildPhase section */
		2B4A797F2847AD7A00FBBAEF /* Resources */ = {
			isa = PBXResourcesBuildPhase;
			buildActionMask = 2147483647;
			files = (
				2B4A79B72847DDB600FBBAEF /* Launch Screen.storyboard in Resources */,
				2B4A798C2847AD7B00FBBAEF /* Preview Assets.xcassets in Resources */,
				2B4A79892847AD7B00FBBAEF /* Assets.xcassets in Resources */,
			);
			runOnlyForDeploymentPostprocessing = 0;
		};
		2B4A79942847AD7B00FBBAEF /* Resources */ = {
			isa = PBXResourcesBuildPhase;
			buildActionMask = 2147483647;
			files = (
			);
			runOnlyForDeploymentPostprocessing = 0;
		};
		2B4A799E2847AD7B00FBBAEF /* Resources */ = {
			isa = PBXResourcesBuildPhase;
			buildActionMask = 2147483647;
			files = (
			);
			runOnlyForDeploymentPostprocessing = 0;
		};
/* End PBXResourcesBuildPhase section */

/* Begin PBXSourcesBuildPhase section */
		2B4A797D2847AD7A00FBBAEF /* Sources */ = {
			isa = PBXSourcesBuildPhase;
			buildActionMask = 2147483647;
			files = (
				2B4A79C82848076700FBBAEF /* KwordleBoardView.swift in Sources */,
				2B4A798E2847AD7B00FBBAEF /* Persistence.swift in Sources */,
				2B4A79D22848081300FBBAEF /* LetterClass.swift in Sources */,
				2B4A79CC284807AD00FBBAEF /* KeyboardButton.swift in Sources */,
				2B4A79D42848089100FBBAEF /* LetterState.swift in Sources */,
				2B4A79D6284808DD00FBBAEF /* Guess.swift in Sources */,
				2B4A79C12847EB2B00FBBAEF /* NewGameSelectView.swift in Sources */,
				2B4A79BF2847E8BA00FBBAEF /* NewGameMenu.swift in Sources */,
				2B4A79872847AD7A00FBBAEF /* ContentView.swift in Sources */,
				2B4A79CE284807E200FBBAEF /* Global.swift in Sources */,
				2B4A79D0284807F100FBBAEF /* Keyboard.swift in Sources */,
				2B4A79BD2847E5D000FBBAEF /* kWordlePlayModel.swift in Sources */,
				2B4A79C52847EBAA00FBBAEF /* SettingsView.swift in Sources */,
				2B4A79912847AD7B00FBBAEF /* kiWordle.xcdatamodeld in Sources */,
				2B4A79CA2848079C00FBBAEF /* GuessView.swift in Sources */,
				2B4A79E1284A98D700FBBAEF /* PopUpView.swift in Sources */,
				2B4A79852847AD7A00FBBAEF /* kiWordleApp.swift in Sources */,
				2B4A79BB2847E45E00FBBAEF /* OpeningView.swift in Sources */,
				2B4A79C32847EB9D00FBBAEF /* StatsView.swift in Sources */,
			);
			runOnlyForDeploymentPostprocessing = 0;
		};
		2B4A79922847AD7B00FBBAEF /* Sources */ = {
			isa = PBXSourcesBuildPhase;
			buildActionMask = 2147483647;
			files = (
				2B4A799B2847AD7B00FBBAEF /* kiWordleTests.swift in Sources */,
			);
			runOnlyForDeploymentPostprocessing = 0;
		};
		2B4A799C2847AD7B00FBBAEF /* Sources */ = {
			isa = PBXSourcesBuildPhase;
			buildActionMask = 2147483647;
			files = (
				2B4A79A72847AD7B00FBBAEF /* kiWordleUITestsLaunchTests.swift in Sources */,
				2B4A79A52847AD7B00FBBAEF /* kiWordleUITests.swift in Sources */,
			);
			runOnlyForDeploymentPostprocessing = 0;
		};
/* End PBXSourcesBuildPhase section */

/* Begin PBXTargetDependency section */
		2B4A79982847AD7B00FBBAEF /* PBXTargetDependency */ = {
			isa = PBXTargetDependency;
			target = 2B4A79802847AD7A00FBBAEF /* kiWordle */;
			targetProxy = 2B4A79972847AD7B00FBBAEF /* PBXContainerItemProxy */;
		};
		2B4A79A22847AD7B00FBBAEF /* PBXTargetDependency */ = {
			isa = PBXTargetDependency;
			target = 2B4A79802847AD7A00FBBAEF /* kiWordle */;
			targetProxy = 2B4A79A12847AD7B00FBBAEF /* PBXContainerItemProxy */;
		};
/* End PBXTargetDependency section */

/* Begin XCBuildConfiguration section */
		2B4A79A82847AD7B00FBBAEF /* Debug */ = {
			isa = XCBuildConfiguration;
			buildSettings = {
				ALWAYS_SEARCH_USER_PATHS = NO;
				CLANG_ANALYZER_NONNULL = YES;
				CLANG_ANALYZER_NUMBER_OBJECT_CONVERSION = YES_AGGRESSIVE;
				CLANG_CXX_LANGUAGE_STANDARD = "gnu++17";
				CLANG_ENABLE_MODULES = YES;
				CLANG_ENABLE_OBJC_ARC = YES;
				CLANG_ENABLE_OBJC_WEAK = YES;
				CLANG_WARN_BLOCK_CAPTURE_AUTORELEASING = YES;
				CLANG_WARN_BOOL_CONVERSION = YES;
				CLANG_WARN_COMMA = YES;
				CLANG_WARN_CONSTANT_CONVERSION = YES;
				CLANG_WARN_DEPRECATED_OBJC_IMPLEMENTATIONS = YES;
				CLANG_WARN_DIRECT_OBJC_ISA_USAGE = YES_ERROR;
				CLANG_WARN_DOCUMENTATION_COMMENTS = YES;
				CLANG_WARN_EMPTY_BODY = YES;
				CLANG_WARN_ENUM_CONVERSION = YES;
				CLANG_WARN_INFINITE_RECURSION = YES;
				CLANG_WARN_INT_CONVERSION = YES;
				CLANG_WARN_NON_LITERAL_NULL_CONVERSION = YES;
				CLANG_WARN_OBJC_IMPLICIT_RETAIN_SELF = YES;
				CLANG_WARN_OBJC_LITERAL_CONVERSION = YES;
				CLANG_WARN_OBJC_ROOT_CLASS = YES_ERROR;
				CLANG_WARN_QUOTED_INCLUDE_IN_FRAMEWORK_HEADER = YES;
				CLANG_WARN_RANGE_LOOP_ANALYSIS = YES;
				CLANG_WARN_STRICT_PROTOTYPES = YES;
				CLANG_WARN_SUSPICIOUS_MOVE = YES;
				CLANG_WARN_UNGUARDED_AVAILABILITY = YES_AGGRESSIVE;
				CLANG_WARN_UNREACHABLE_CODE = YES;
				CLANG_WARN__DUPLICATE_METHOD_MATCH = YES;
				COPY_PHASE_STRIP = NO;
				DEBUG_INFORMATION_FORMAT = dwarf;
				ENABLE_STRICT_OBJC_MSGSEND = YES;
				ENABLE_TESTABILITY = YES;
				GCC_C_LANGUAGE_STANDARD = gnu11;
				GCC_DYNAMIC_NO_PIC = NO;
				GCC_NO_COMMON_BLOCKS = YES;
				GCC_OPTIMIZATION_LEVEL = 0;
				GCC_PREPROCESSOR_DEFINITIONS = (
					"DEBUG=1",
					"$(inherited)",
				);
				GCC_WARN_64_TO_32_BIT_CONVERSION = YES;
				GCC_WARN_ABOUT_RETURN_TYPE = YES_ERROR;
				GCC_WARN_UNDECLARED_SELECTOR = YES;
				GCC_WARN_UNINITIALIZED_AUTOS = YES_AGGRESSIVE;
				GCC_WARN_UNUSED_FUNCTION = YES;
				GCC_WARN_UNUSED_VARIABLE = YES;
				IPHONEOS_DEPLOYMENT_TARGET = 15.4;
				MTL_ENABLE_DEBUG_INFO = INCLUDE_SOURCE;
				MTL_FAST_MATH = YES;
				ONLY_ACTIVE_ARCH = YES;
				SDKROOT = iphoneos;
				SWIFT_ACTIVE_COMPILATION_CONDITIONS = DEBUG;
				SWIFT_OPTIMIZATION_LEVEL = "-Onone";
			};
			name = Debug;
		};
		2B4A79A92847AD7B00FBBAEF /* Release */ = {
			isa = XCBuildConfiguration;
			buildSettings = {
				ALWAYS_SEARCH_USER_PATHS = NO;
				CLANG_ANALYZER_NONNULL = YES;
				CLANG_ANALYZER_NUMBER_OBJECT_CONVERSION = YES_AGGRESSIVE;
				CLANG_CXX_LANGUAGE_STANDARD = "gnu++17";
				CLANG_ENABLE_MODULES = YES;
				CLANG_ENABLE_OBJC_ARC = YES;
				CLANG_ENABLE_OBJC_WEAK = YES;
				CLANG_WARN_BLOCK_CAPTURE_AUTORELEASING = YES;
				CLANG_WARN_BOOL_CONVERSION = YES;
				CLANG_WARN_COMMA = YES;
				CLANG_WARN_CONSTANT_CONVERSION = YES;
				CLANG_WARN_DEPRECATED_OBJC_IMPLEMENTATIONS = YES;
				CLANG_WARN_DIRECT_OBJC_ISA_USAGE = YES_ERROR;
				CLANG_WARN_DOCUMENTATION_COMMENTS = YES;
				CLANG_WARN_EMPTY_BODY = YES;
				CLANG_WARN_ENUM_CONVERSION = YES;
				CLANG_WARN_INFINITE_RECURSION = YES;
				CLANG_WARN_INT_CONVERSION = YES;
				CLANG_WARN_NON_LITERAL_NULL_CONVERSION = YES;
				CLANG_WARN_OBJC_IMPLICIT_RETAIN_SELF = YES;
				CLANG_WARN_OBJC_LITERAL_CONVERSION = YES;
				CLANG_WARN_OBJC_ROOT_CLASS = YES_ERROR;
				CLANG_WARN_QUOTED_INCLUDE_IN_FRAMEWORK_HEADER = YES;
				CLANG_WARN_RANGE_LOOP_ANALYSIS = YES;
				CLANG_WARN_STRICT_PROTOTYPES = YES;
				CLANG_WARN_SUSPICIOUS_MOVE = YES;
				CLANG_WARN_UNGUARDED_AVAILABILITY = YES_AGGRESSIVE;
				CLANG_WARN_UNREACHABLE_CODE = YES;
				CLANG_WARN__DUPLICATE_METHOD_MATCH = YES;
				COPY_PHASE_STRIP = NO;
				DEBUG_INFORMATION_FORMAT = "dwarf-with-dsym";
				ENABLE_NS_ASSERTIONS = NO;
				ENABLE_STRICT_OBJC_MSGSEND = YES;
				GCC_C_LANGUAGE_STANDARD = gnu11;
				GCC_NO_COMMON_BLOCKS = YES;
				GCC_WARN_64_TO_32_BIT_CONVERSION = YES;
				GCC_WARN_ABOUT_RETURN_TYPE = YES_ERROR;
				GCC_WARN_UNDECLARED_SELECTOR = YES;
				GCC_WARN_UNINITIALIZED_AUTOS = YES_AGGRESSIVE;
				GCC_WARN_UNUSED_FUNCTION = YES;
				GCC_WARN_UNUSED_VARIABLE = YES;
				IPHONEOS_DEPLOYMENT_TARGET = 15.4;
				MTL_ENABLE_DEBUG_INFO = NO;
				MTL_FAST_MATH = YES;
				SDKROOT = iphoneos;
				SWIFT_COMPILATION_MODE = wholemodule;
				SWIFT_OPTIMIZATION_LEVEL = "-O";
				VALIDATE_PRODUCT = YES;
			};
			name = Release;
		};
		2B4A79AB2847AD7B00FBBAEF /* Debug */ = {
			isa = XCBuildConfiguration;
			buildSettings = {
				ASSETCATALOG_COMPILER_APPICON_NAME = AppIcon;
				ASSETCATALOG_COMPILER_GLOBAL_ACCENT_COLOR_NAME = AccentColor;
				CODE_SIGN_STYLE = Automatic;
				CURRENT_PROJECT_VERSION = 1;
				DEVELOPMENT_ASSET_PATHS = "\"kiWordle/Preview Content\"";
				DEVELOPMENT_TEAM = VA952245Q9;
				ENABLE_PREVIEWS = YES;
				GENERATE_INFOPLIST_FILE = YES;
				INFOPLIST_FILE = kiWordle/Info.plist;
				INFOPLIST_KEY_UIApplicationSupportsIndirectInputEvents = YES;
				INFOPLIST_KEY_UILaunchScreen_Generation = YES;
				INFOPLIST_KEY_UILaunchStoryboardName = "Launch Screen";
				INFOPLIST_KEY_UISupportedInterfaceOrientations_iPad = "UIInterfaceOrientationPortrait UIInterfaceOrientationPortraitUpsideDown UIInterfaceOrientationLandscapeLeft UIInterfaceOrientationLandscapeRight";
				INFOPLIST_KEY_UISupportedInterfaceOrientations_iPhone = "UIInterfaceOrientationPortrait UIInterfaceOrientationLandscapeLeft UIInterfaceOrientationLandscapeRight";
				LD_RUNPATH_SEARCH_PATHS = (
					"$(inherited)",
					"@executable_path/Frameworks",
				);
				MARKETING_VERSION = 1.0;
				PRODUCT_BUNDLE_IDENTIFIER = com.lazygoatgames.kiWordle;
				PRODUCT_NAME = "$(TARGET_NAME)";
				SWIFT_EMIT_LOC_STRINGS = YES;
				SWIFT_VERSION = 5.0;
				TARGETED_DEVICE_FAMILY = "1,2";
			};
			name = Debug;
		};
		2B4A79AC2847AD7B00FBBAEF /* Release */ = {
			isa = XCBuildConfiguration;
			buildSettings = {
				ASSETCATALOG_COMPILER_APPICON_NAME = AppIcon;
				ASSETCATALOG_COMPILER_GLOBAL_ACCENT_COLOR_NAME = AccentColor;
				CODE_SIGN_STYLE = Automatic;
				CURRENT_PROJECT_VERSION = 1;
				DEVELOPMENT_ASSET_PATHS = "\"kiWordle/Preview Content\"";
				DEVELOPMENT_TEAM = VA952245Q9;
				ENABLE_PREVIEWS = YES;
				GENERATE_INFOPLIST_FILE = YES;
				INFOPLIST_FILE = kiWordle/Info.plist;
				INFOPLIST_KEY_UIApplicationSupportsIndirectInputEvents = YES;
				INFOPLIST_KEY_UILaunchScreen_Generation = YES;
				INFOPLIST_KEY_UILaunchStoryboardName = "Launch Screen";
				INFOPLIST_KEY_UISupportedInterfaceOrientations_iPad = "UIInterfaceOrientationPortrait UIInterfaceOrientationPortraitUpsideDown UIInterfaceOrientationLandscapeLeft UIInterfaceOrientationLandscapeRight";
				INFOPLIST_KEY_UISupportedInterfaceOrientations_iPhone = "UIInterfaceOrientationPortrait UIInterfaceOrientationLandscapeLeft UIInterfaceOrientationLandscapeRight";
				LD_RUNPATH_SEARCH_PATHS = (
					"$(inherited)",
					"@executable_path/Frameworks",
				);
				MARKETING_VERSION = 1.0;
				PRODUCT_BUNDLE_IDENTIFIER = com.lazygoatgames.kiWordle;
				PRODUCT_NAME = "$(TARGET_NAME)";
				SWIFT_EMIT_LOC_STRINGS = YES;
				SWIFT_VERSION = 5.0;
				TARGETED_DEVICE_FAMILY = "1,2";
			};
			name = Release;
		};
		2B4A79AE2847AD7B00FBBAEF /* Debug */ = {
			isa = XCBuildConfiguration;
			buildSettings = {
				ALWAYS_EMBED_SWIFT_STANDARD_LIBRARIES = YES;
				BUNDLE_LOADER = "$(TEST_HOST)";
				CODE_SIGN_STYLE = Automatic;
				CURRENT_PROJECT_VERSION = 1;
				DEVELOPMENT_TEAM = VA952245Q9;
				GENERATE_INFOPLIST_FILE = YES;
				IPHONEOS_DEPLOYMENT_TARGET = 15.4;
				MARKETING_VERSION = 1.0;
				PRODUCT_BUNDLE_IDENTIFIER = com.lazygoatgames.kiWordleTests;
				PRODUCT_NAME = "$(TARGET_NAME)";
				SWIFT_EMIT_LOC_STRINGS = NO;
				SWIFT_VERSION = 5.0;
				TARGETED_DEVICE_FAMILY = "1,2";
				TEST_HOST = "$(BUILT_PRODUCTS_DIR)/kiWordle.app/kiWordle";
			};
			name = Debug;
		};
		2B4A79AF2847AD7B00FBBAEF /* Release */ = {
			isa = XCBuildConfiguration;
			buildSettings = {
				ALWAYS_EMBED_SWIFT_STANDARD_LIBRARIES = YES;
				BUNDLE_LOADER = "$(TEST_HOST)";
				CODE_SIGN_STYLE = Automatic;
				CURRENT_PROJECT_VERSION = 1;
				DEVELOPMENT_TEAM = VA952245Q9;
				GENERATE_INFOPLIST_FILE = YES;
				IPHONEOS_DEPLOYMENT_TARGET = 15.4;
				MARKETING_VERSION = 1.0;
				PRODUCT_BUNDLE_IDENTIFIER = com.lazygoatgames.kiWordleTests;
				PRODUCT_NAME = "$(TARGET_NAME)";
				SWIFT_EMIT_LOC_STRINGS = NO;
				SWIFT_VERSION = 5.0;
				TARGETED_DEVICE_FAMILY = "1,2";
				TEST_HOST = "$(BUILT_PRODUCTS_DIR)/kiWordle.app/kiWordle";
			};
			name = Release;
		};
		2B4A79B12847AD7B00FBBAEF /* Debug */ = {
			isa = XCBuildConfiguration;
			buildSettings = {
				ALWAYS_EMBED_SWIFT_STANDARD_LIBRARIES = YES;
				CODE_SIGN_STYLE = Automatic;
				CURRENT_PROJECT_VERSION = 1;
				DEVELOPMENT_TEAM = VA952245Q9;
				GENERATE_INFOPLIST_FILE = YES;
				MARKETING_VERSION = 1.0;
				PRODUCT_BUNDLE_IDENTIFIER = com.lazygoatgames.kiWordleUITests;
				PRODUCT_NAME = "$(TARGET_NAME)";
				SWIFT_EMIT_LOC_STRINGS = NO;
				SWIFT_VERSION = 5.0;
				TARGETED_DEVICE_FAMILY = "1,2";
				TEST_TARGET_NAME = kiWordle;
			};
			name = Debug;
		};
		2B4A79B22847AD7B00FBBAEF /* Release */ = {
			isa = XCBuildConfiguration;
			buildSettings = {
				ALWAYS_EMBED_SWIFT_STANDARD_LIBRARIES = YES;
				CODE_SIGN_STYLE = Automatic;
				CURRENT_PROJECT_VERSION = 1;
				DEVELOPMENT_TEAM = VA952245Q9;
				GENERATE_INFOPLIST_FILE = YES;
				MARKETING_VERSION = 1.0;
				PRODUCT_BUNDLE_IDENTIFIER = com.lazygoatgames.kiWordleUITests;
				PRODUCT_NAME = "$(TARGET_NAME)";
				SWIFT_EMIT_LOC_STRINGS = NO;
				SWIFT_VERSION = 5.0;
				TARGETED_DEVICE_FAMILY = "1,2";
				TEST_TARGET_NAME = kiWordle;
			};
			name = Release;
		};
/* End XCBuildConfiguration section */

/* Begin XCConfigurationList section */
		2B4A797C2847AD7A00FBBAEF /* Build configuration list for PBXProject "kiWordle" */ = {
			isa = XCConfigurationList;
			buildConfigurations = (
				2B4A79A82847AD7B00FBBAEF /* Debug */,
				2B4A79A92847AD7B00FBBAEF /* Release */,
			);
			defaultConfigurationIsVisible = 0;
			defaultConfigurationName = Release;
		};
		2B4A79AA2847AD7B00FBBAEF /* Build configuration list for PBXNativeTarget "kiWordle" */ = {
			isa = XCConfigurationList;
			buildConfigurations = (
				2B4A79AB2847AD7B00FBBAEF /* Debug */,
				2B4A79AC2847AD7B00FBBAEF /* Release */,
			);
			defaultConfigurationIsVisible = 0;
			defaultConfigurationName = Release;
		};
		2B4A79AD2847AD7B00FBBAEF /* Build configuration list for PBXNativeTarget "kiWordleTests" */ = {
			isa = XCConfigurationList;
			buildConfigurations = (
				2B4A79AE2847AD7B00FBBAEF /* Debug */,
				2B4A79AF2847AD7B00FBBAEF /* Release */,
			);
			defaultConfigurationIsVisible = 0;
			defaultConfigurationName = Release;
		};
		2B4A79B02847AD7B00FBBAEF /* Build configuration list for PBXNativeTarget "kiWordleUITests" */ = {
			isa = XCConfigurationList;
			buildConfigurations = (
				2B4A79B12847AD7B00FBBAEF /* Debug */,
				2B4A79B22847AD7B00FBBAEF /* Release */,
			);
			defaultConfigurationIsVisible = 0;
			defaultConfigurationName = Release;
		};
/* End XCConfigurationList section */

/* Begin XCRemoteSwiftPackageReference section */
		2B4A79D7284A8EF200FBBAEF /* XCRemoteSwiftPackageReference "swift-collections" */ = {
			isa = XCRemoteSwiftPackageReference;
			repositoryURL = "https://github.com/apple/swift-collections.git";
			requirement = {
				kind = upToNextMajorVersion;
				minimumVersion = 1.0.0;
			};
		};
/* End XCRemoteSwiftPackageReference section */

/* Begin XCSwiftPackageProductDependency section */
		2B4A79D8284A8EF200FBBAEF /* Collections */ = {
			isa = XCSwiftPackageProductDependency;
			package = 2B4A79D7284A8EF200FBBAEF /* XCRemoteSwiftPackageReference "swift-collections" */;
			productName = Collections;
		};
		2B4A79DA284A8EF200FBBAEF /* DequeModule */ = {
			isa = XCSwiftPackageProductDependency;
			package = 2B4A79D7284A8EF200FBBAEF /* XCRemoteSwiftPackageReference "swift-collections" */;
			productName = DequeModule;
		};
		2B4A79DC284A8EF200FBBAEF /* OrderedCollections */ = {
			isa = XCSwiftPackageProductDependency;
			package = 2B4A79D7284A8EF200FBBAEF /* XCRemoteSwiftPackageReference "swift-collections" */;
			productName = OrderedCollections;
		};
/* End XCSwiftPackageProductDependency section */

/* Begin XCVersionGroup section */
		2B4A798F2847AD7B00FBBAEF /* kiWordle.xcdatamodeld */ = {
			isa = XCVersionGroup;
			children = (
				2B4A79902847AD7B00FBBAEF /* kiWordle.xcdatamodel */,
			);
			currentVersion = 2B4A79902847AD7B00FBBAEF /* kiWordle.xcdatamodel */;
			path = kiWordle.xcdatamodeld;
			sourceTree = "<group>";
			versionGroupType = wrapper.xcdatamodel;
		};
/* End XCVersionGroup section */
	};
	rootObject = 2B4A79792847AD7A00FBBAEF /* Project object */;
}
